
Microsoft Visual Studio Solution File, Format Version 12.00
# Visual Studio Version 17
VisualStudioVersion = 17.9.34723.18
MinimumVisualStudioVersion = 10.0.40219.1
Project("{FAE04EC0-301F-11D3-BF4B-00C04F79EFBC}") = "ConsoleApp1", "ConsoleApp1\ConsoleApp1.csproj", "{B9AD2D08-2BF3-4527-8D0E-DBB276731FC7}"
EndProject
Global
	GlobalSection(SolutionConfigurationPlatforms) = preSolution
		Debug|Any CPU = Debug|Any CPU
		Release|Any CPU = Release|Any CPU
	EndGlobalSection
	GlobalSection(ProjectConfigurationPlatforms) = postSolution
		{B9AD2D08-2BF3-4527-8D0E-DBB276731FC7}.Debug|Any CPU.ActiveCfg = Debug|Any CPU
		{B9AD2D08-2BF3-4527-8D0E-DBB276731FC7}.Debug|Any CPU.Build.0 = Debug|Any CPU
		{B9AD2D08-2BF3-4527-8D0E-DBB276731FC7}.Release|Any CPU.ActiveCfg = Release|Any CPU
		{B9AD2D08-2BF3-4527-8D0E-DBB276731FC7}.Release|Any CPU.Build.0 = Release|Any CPU
	EndGlobalSection
	GlobalSection(SolutionProperties) = preSolution
		HideSolutionNode = FALSE
	EndGlobalSection
	GlobalSection(ExtensibilityGlobals) = postSolution
		SolutionGuid = {39375A0E-3CE0-4F30-9C1B-870E7C475B9D}
	EndGlobalSection
EndGlobal
